<?xml version="1.0" encoding="utf-8"?>
<Project ToolsVersion="4.0" xmlns="http://schemas.microsoft.com/developer/msbuild/2003">
  <ItemGroup>
    <Filter Include="src">
      <UniqueIdentifier>{C202D925-8342-8CAB-FBAC-54DFA101AD31}</UniqueIdentifier>
    </Filter>
    <Filter Include="src\Client">
      <UniqueIdentifier>{5D4E41E4-0C06-9787-C3E8-CB549F78CE9F}</UniqueIdentifier>
    </Filter>
  </ItemGroup>
  <ItemGroup>
    <ClCompile Include="src\Client\client.cpp">
      <Filter>src\Client</Filter>
    </ClCompile>
  </ItemGroup>
</Project>