<?xml version="1.0" encoding="utf-8"?>
<Project ToolsVersion="4.0" xmlns="http://schemas.microsoft.com/developer/msbuild/2003">
  <ItemGroup>
    <Filter Include="src">
      <UniqueIdentifier>{C202D925-8342-8CAB-FBAC-54DFA101AD31}</UniqueIdentifier>
    </Filter>
    <Filter Include="src\Engine">
      <UniqueIdentifier>{54638203-EAD3-9A75-ACB8-B3C8D2EAB27C}</UniqueIdentifier>
    </Filter>
    <Filter Include="src\Shared">
      <UniqueIdentifier>{9E40BFAF-B0CC-253F-492F-3095026A72BC}</UniqueIdentifier>
    </Filter>
  </ItemGroup>
  <ItemGroup>
    <ClInclude Include="src\Engine\commands_registry.h">
      <Filter>src\Engine</Filter>
    </ClInclude>
    <ClInclude Include="src\Engine\console.h">
      <Filter>src\Engine</Filter>
    </ClInclude>
    <ClInclude Include="src\Engine\logger.h">
      <Filter>src\Engine</Filter>
    </ClInclude>
    <ClInclude Include="src\Engine\spatial_hash_grid.h">
      <Filter>src\Engine</Filter>
    </ClInclude>
    <ClInclude Include="src\Engine\tmj_parser.h">
      <Filter>src\Engine</Filter>
    </ClInclude>
    <ClInclude Include="src\Shared\damage_type.h">
      <Filter>src\Shared</Filter>
    </ClInclude>
    <ClInclude Include="src\Shared\game_config.h">
      <Filter>src\Shared</Filter>
    </ClInclude>
    <ClInclude Include="src\Shared\mob_type.h">
      <Filter>src\Shared</Filter>
    </ClInclude>
    <ClInclude Include="src\Shared\network_msg.h">
      <Filter>src\Shared</Filter>
    </ClInclude>
    <ClInclude Include="src\Shared\petal_type.h">
      <Filter>src\Shared</Filter>
    </ClInclude>
    <ClInclude Include="src\Shared\rarity.h">
      <Filter>src\Shared</Filter>
    </ClInclude>
    <ClInclude Include="src\Shared\shared.h">
      <Filter>src\Shared</Filter>
    </ClInclude>
    <ClInclude Include="src\Shared\stats.h">
      <Filter>src\Shared</Filter>
    </ClInclude>
    <ClInclude Include="src\Shared\tools.h">
      <Filter>src\Shared</Filter>
    </ClInclude>
  </ItemGroup>
  <ItemGroup>
    <ClCompile Include="src\Engine\console.cpp">
      <Filter>src\Engine</Filter>
    </ClCompile>
    <ClCompile Include="src\Engine\tmj_parser.cpp">
      <Filter>src\Engine</Filter>
    </ClCompile>
  </ItemGroup>
</Project>