<?xml version="1.0" encoding="utf-8"?>
<Project ToolsVersion="4.0" xmlns="http://schemas.microsoft.com/developer/msbuild/2003">
  <ItemGroup>
    <Filter Include="源文件">
      <UniqueIdentifier>{4FC737F1-C7A5-4376-A066-2A32D752A2FF}</UniqueIdentifier>
      <Extensions>cpp;c;cc;cxx;c++;cppm;ixx;def;odl;idl;hpj;bat;asm;asmx</Extensions>
    </Filter>
    <Filter Include="头文件">
      <UniqueIdentifier>{93995380-89BD-4b04-88EB-625FBE52EBFB}</UniqueIdentifier>
      <Extensions>h;hh;hpp;hxx;h++;hm;inl;inc;ipp;xsd</Extensions>
    </Filter>
    <Filter Include="资源文件">
      <UniqueIdentifier>{67DA6AB6-F800-4c08-8B7A-83BB121AAD01}</UniqueIdentifier>
      <Extensions>rc;ico;cur;bmp;dlg;rc2;rct;bin;rgs;gif;jpg;jpeg;jpe;resx;tiff;tif;png;wav;mfcribbon-ms</Extensions>
    </Filter>
  </ItemGroup>
  <ItemGroup>
    <ClInclude Include="src\Engine\logger.h">
      <Filter>头文件</Filter>
    </ClInclude>
    <ClInclude Include="src\Engine\console\console.h">
      <Filter>头文件</Filter>
    </ClInclude>
    <ClInclude Include="src\Engine\console.h">
      <Filter>头文件</Filter>
    </ClInclude>
    <ClInclude Include="src\Server\Game\entity.h">
      <Filter>头文件</Filter>
    </ClInclude>
    <ClInclude Include="src\Server\Game\gameworld.h">
      <Filter>头文件</Filter>
    </ClInclude>
    <ClInclude Include="src\Server\Game\entities\mob.h">
      <Filter>头文件</Filter>
    </ClInclude>
    <ClInclude Include="src\Shared\rarity.h">
      <Filter>头文件</Filter>
    </ClInclude>
    <ClInclude Include="src\Server\Game\entities\flower.h">
      <Filter>头文件</Filter>
    </ClInclude>
    <ClInclude Include="src\Shared\stats.h">
      <Filter>头文件</Filter>
    </ClInclude>
    <ClInclude Include="src\Server\Game\entities\projectile.h">
      <Filter>头文件</Filter>
    </ClInclude>
    <ClInclude Include="src\Server\Game\entities\petals\petal.h">
      <Filter>头文件</Filter>
    </ClInclude>
    <ClInclude Include="src\Shared\spatial_hash_grid.h">
      <Filter>头文件</Filter>
    </ClInclude>
    <ClInclude Include="src\Shared\petal_type.h">
      <Filter>头文件</Filter>
    </ClInclude>
    <ClInclude Include="src\Shared\shared.h">
      <Filter>头文件</Filter>
    </ClInclude>
    <ClInclude Include="src\Server\Game\entities\petals\petal_slot.h">
      <Filter>头文件</Filter>
    </ClInclude>
    <ClInclude Include="src\Server\Game\entities\petals\petals_behavior.h">
      <Filter>头文件</Filter>
    </ClInclude>
    <ClInclude Include="src\Server\Game\state.h">
      <Filter>头文件</Filter>
    </ClInclude>
    <ClInclude Include="src\Server\Game\states\states.h">
      <Filter>头文件</Filter>
    </ClInclude>
    <ClInclude Include="src\Shared\damage_type.h">
      <Filter>头文件</Filter>
    </ClInclude>
    <ClInclude Include="src\Server\Game\controller.h">
      <Filter>头文件</Filter>
    </ClInclude>
    <ClInclude Include="src\Server\Game\controllers\melee_controller.h">
      <Filter>头文件</Filter>
    </ClInclude>
    <ClInclude Include="src\Shared\tools.h">
      <Filter>头文件</Filter>
    </ClInclude>
    <ClInclude Include="src\Shared\game_config.h">
      <Filter>头文件</Filter>
    </ClInclude>
    <ClInclude Include="src\Server\Module\module.h">
      <Filter>头文件</Filter>
    </ClInclude>
    <ClInclude Include="src\Engine\commands_registry.h">
      <Filter>头文件</Filter>
    </ClInclude>
    <ClInclude Include="src\Server\Module\console_module.h">
      <Filter>头文件</Filter>
    </ClInclude>
    <ClInclude Include="src\Server\Module\world_module.h">
      <Filter>头文件</Filter>
    </ClInclude>
    <ClInclude Include="src\Server\server.h">
      <Filter>头文件</Filter>
    </ClInclude>
    <ClInclude Include="src\Shared\network_msg.h">
      <Filter>头文件</Filter>
    </ClInclude>
    <ClInclude Include="src\Server\Game\controllers\player_controller.h">
      <Filter>头文件</Filter>
    </ClInclude>
  </ItemGroup>
  <ItemGroup>
    <ClCompile Include="src\Engine\console.cpp">
      <Filter>源文件</Filter>
    </ClCompile>
    <ClCompile Include="src\Server\Game\entity.cpp">
      <Filter>源文件</Filter>
    </ClCompile>
    <ClCompile Include="src\Server\Game\gameworld.cpp">
      <Filter>源文件</Filter>
    </ClCompile>
    <ClCompile Include="src\Server\main.cpp">
      <Filter>源文件</Filter>
    </ClCompile>
    <ClCompile Include="src\Shared\spatial_hash_grid.cpp">
      <Filter>源文件</Filter>
    </ClCompile>
    <ClCompile Include="src\Server\Game\entities\petals\petal.cpp">
      <Filter>源文件</Filter>
    </ClCompile>
    <ClCompile Include="src\Server\Game\entities\flower.cpp">
      <Filter>源文件</Filter>
    </ClCompile>
    <ClCompile Include="src\Server\Game\entities\petals\petal_behavior.cpp">
      <Filter>源文件</Filter>
    </ClCompile>
    <ClCompile Include="src\Server\Game\entities\mob.cpp">
      <Filter>源文件</Filter>
    </ClCompile>
    <ClCompile Include="src\Server\Game\states\states.cpp">
      <Filter>源文件</Filter>
    </ClCompile>
    <ClCompile Include="src\Server\Game\controllers\melee_controller.cpp">
      <Filter>源文件</Filter>
    </ClCompile>
    <ClCompile Include="src\Shared\commands.cpp">
      <Filter>源文件</Filter>
    </ClCompile>
    <ClCompile Include="src\Server\Module\console_module.cpp">
      <Filter>源文件</Filter>
    </ClCompile>
    <ClCompile Include="src\Server\Module\world_module.cpp">
      <Filter>源文件</Filter>
    </ClCompile>
    <ClCompile Include="src\Server\server.cpp">
      <Filter>源文件</Filter>
    </ClCompile>
    <ClCompile Include="src\Shared\mob_type.h">
      <Filter>源文件</Filter>
    </ClCompile>
    <ClCompile Include="src\Server\Game\controllers\player_controller.cpp">
      <Filter>源文件</Filter>
    </ClCompile>
  </ItemGroup>
</Project>